
Microsoft Visual Studio Solution File, Format Version 12.00
# Visual Studio Version 16
VisualStudioVersion = 16.0.29728.190
MinimumVisualStudioVersion = 10.0.40219.1
Project("{FAE04EC0-301F-11D3-BF4B-00C04F79EFBC}") = "Introduction", "Introduction\Introduction.csproj", "{E7370DCF-9C02-4C09-9FEF-A092BF25110F}"
EndProject
Project("{FAE04EC0-301F-11D3-BF4B-00C04F79EFBC}") = "Features", "Features\Features.csproj", "{33316A73-9884-4842-9E84-3BB98ADBFCFA}"
EndProject
Project("{FAE04EC0-301F-11D3-BF4B-00C04F79EFBC}") = "Queries", "Queries\Queries.csproj", "{FFD9331F-85DA-449D-810C-5B18B29F7BEA}"
EndProject
Project("{FAE04EC0-301F-11D3-BF4B-00C04F79EFBC}") = "Cars", "Cars\Cars.csproj", "{0F2876F0-4A98-4D56-9E33-D14199DAB2B5}"
EndProject
Project("{FAE04EC0-301F-11D3-BF4B-00C04F79EFBC}") = "Cars_Manufactorers", "Cars_Manufactorers\Cars_Manufactorers.csproj", "{D763FBC4-1B0B-4937-8DE9-0C5135C86DC9}"
EndProject
Project("{FAE04EC0-301F-11D3-BF4B-00C04F79EFBC}") = "Linq_to_Xml", "Linq_in_Xml\Linq_to_Xml.csproj", "{A404B240-CAB2-4A1C-AC57-E16A10F081F2}"
EndProject
Global
	GlobalSection(SolutionConfigurationPlatforms) = preSolution
		Debug|Any CPU = Debug|Any CPU
		Release|Any CPU = Release|Any CPU
	EndGlobalSection
	GlobalSection(ProjectConfigurationPlatforms) = postSolution
		{E7370DCF-9C02-4C09-9FEF-A092BF25110F}.Debug|Any CPU.ActiveCfg = Debug|Any CPU
		{E7370DCF-9C02-4C09-9FEF-A092BF25110F}.Debug|Any CPU.Build.0 = Debug|Any CPU
		{E7370DCF-9C02-4C09-9FEF-A092BF25110F}.Release|Any CPU.ActiveCfg = Release|Any CPU
		{E7370DCF-9C02-4C09-9FEF-A092BF25110F}.Release|Any CPU.Build.0 = Release|Any CPU
		{33316A73-9884-4842-9E84-3BB98ADBFCFA}.Debug|Any CPU.ActiveCfg = Debug|Any CPU
		{33316A73-9884-4842-9E84-3BB98ADBFCFA}.Debug|Any CPU.Build.0 = Debug|Any CPU
		{33316A73-9884-4842-9E84-3BB98ADBFCFA}.Release|Any CPU.ActiveCfg = Release|Any CPU
		{33316A73-9884-4842-9E84-3BB98ADBFCFA}.Release|Any CPU.Build.0 = Release|Any CPU
		{FFD9331F-85DA-449D-810C-5B18B29F7BEA}.Debug|Any CPU.ActiveCfg = Debug|Any CPU
		{FFD9331F-85DA-449D-810C-5B18B29F7BEA}.Debug|Any CPU.Build.0 = Debug|Any CPU
		{FFD9331F-85DA-449D-810C-5B18B29F7BEA}.Release|Any CPU.ActiveCfg = Release|Any CPU
		{FFD9331F-85DA-449D-810C-5B18B29F7BEA}.Release|Any CPU.Build.0 = Release|Any CPU
		{0F2876F0-4A98-4D56-9E33-D14199DAB2B5}.Debug|Any CPU.ActiveCfg = Debug|Any CPU
		{0F2876F0-4A98-4D56-9E33-D14199DAB2B5}.Debug|Any CPU.Build.0 = Debug|Any CPU
		{0F2876F0-4A98-4D56-9E33-D14199DAB2B5}.Release|Any CPU.ActiveCfg = Release|Any CPU
		{0F2876F0-4A98-4D56-9E33-D14199DAB2B5}.Release|Any CPU.Build.0 = Release|Any CPU
		{D763FBC4-1B0B-4937-8DE9-0C5135C86DC9}.Debug|Any CPU.ActiveCfg = Debug|Any CPU
		{D763FBC4-1B0B-4937-8DE9-0C5135C86DC9}.Debug|Any CPU.Build.0 = Debug|Any CPU
		{D763FBC4-1B0B-4937-8DE9-0C5135C86DC9}.Release|Any CPU.ActiveCfg = Release|Any CPU
		{D763FBC4-1B0B-4937-8DE9-0C5135C86DC9}.Release|Any CPU.Build.0 = Release|Any CPU
		{A404B240-CAB2-4A1C-AC57-E16A10F081F2}.Debug|Any CPU.ActiveCfg = Debug|Any CPU
		{A404B240-CAB2-4A1C-AC57-E16A10F081F2}.Debug|Any CPU.Build.0 = Debug|Any CPU
		{A404B240-CAB2-4A1C-AC57-E16A10F081F2}.Release|Any CPU.ActiveCfg = Release|Any CPU
		{A404B240-CAB2-4A1C-AC57-E16A10F081F2}.Release|Any CPU.Build.0 = Release|Any CPU
	EndGlobalSection
	GlobalSection(SolutionProperties) = preSolution
		HideSolutionNode = FALSE
	EndGlobalSection
	GlobalSection(ExtensibilityGlobals) = postSolution
		SolutionGuid = {FA298297-20F3-444C-9A7B-7297AD1C864F}
	EndGlobalSection
EndGlobal
